
Microsoft Visual Studio Solution File, Format Version 12.00
# Visual Studio Version 16
VisualStudioVersion = 16.0.30611.23
MinimumVisualStudioVersion = 10.0.40219.1
Project("{8BC9CEB8-8B4A-11D0-8D11-00A0C91BC942}") = "ConsoleApplication14", "ConsoleApplication14\ConsoleApplication14.vcxproj", "{B3BC8E92-2D36-4282-9783-9F840022230A}"
EndProject
Global
	GlobalSection(SolutionConfigurationPlatforms) = preSolution
		Debug|x64 = Debug|x64
		Debug|x86 = Debug|x86
		Release|x64 = Release|x64
		Release|x86 = Release|x86
	EndGlobalSection
	GlobalSection(ProjectConfigurationPlatforms) = postSolution
		{B3BC8E92-2D36-4282-9783-9F840022230A}.Debug|x64.ActiveCfg = Debug|x64
		{B3BC8E92-2D36-4282-9783-9F840022230A}.Debug|x64.Build.0 = Debug|x64
		{B3BC8E92-2D36-4282-9783-9F840022230A}.Debug|x86.ActiveCfg = Debug|Win32
		{B3BC8E92-2D36-4282-9783-9F840022230A}.Debug|x86.Build.0 = Debug|Win32
		{B3BC8E92-2D36-4282-9783-9F840022230A}.Release|x64.ActiveCfg = Release|x64
		{B3BC8E92-2D36-4282-9783-9F840022230A}.Release|x64.Build.0 = Release|x64
		{B3BC8E92-2D36-4282-9783-9F840022230A}.Release|x86.ActiveCfg = Release|Win32
		{B3BC8E92-2D36-4282-9783-9F840022230A}.Release|x86.Build.0 = Release|Win32
	EndGlobalSection
	GlobalSection(SolutionProperties) = preSolution
		HideSolutionNode = FALSE
	EndGlobalSection
	GlobalSection(ExtensibilityGlobals) = postSolution
		SolutionGuid = {4B59E932-7327-4CEA-9344-20CFC2706DE3}
	EndGlobalSection
EndGlobal
